{
    "_meta": {
        "hash": {
            "sha256": "8a0393b8fce2fdbe7b91721eb2c90b7c1fccaae1ff3b0eba564833efc0ed1011"
        },
        "pipfile-spec": 6,
        "requires": {
            "python_version": "3.9"
        },
        "sources": [
            {
                "name": "pypi",
                "url": "https://pypi.org/simple",
                "verify_ssl": true
            }
        ]
    },
    "default": {
        "cachetools": {
            "hashes": [
                "sha256:3796e1de094f0eaca982441c92ce96c68c89cced4cd97721ab297ea4b16db90e",
                "sha256:c6b07a6ded8c78bf36730b3dc452dfff7d95f2a12a2fed856b1a0cb13ca78c61"
            ],
            "markers": "python_version ~= '3.5'",
            "version": "==4.2.0"
        },
        "certifi": {
            "hashes": [
                "sha256:1a4995114262bffbc2413b159f2a1a480c969de6e6eb13ee966d470af86af59c",
                "sha256:719a74fb9e33b9bd44cc7f3a8d94bc35e4049deebe19ba7d8e108280cfd59830"
            ],
            "version": "==2020.12.5"
        },
        "cffi": {
            "hashes": [
                "sha256:00a1ba5e2e95684448de9b89888ccd02c98d512064b4cb987d48f4b40aa0421e",
                "sha256:00e28066507bfc3fe865a31f325c8391a1ac2916219340f87dfad602c3e48e5d",
                "sha256:045d792900a75e8b1e1b0ab6787dd733a8190ffcf80e8c8ceb2fb10a29ff238a",
                "sha256:0638c3ae1a0edfb77c6765d487fee624d2b1ee1bdfeffc1f0b58c64d149e7eec",
                "sha256:105abaf8a6075dc96c1fe5ae7aae073f4696f2905fde6aeada4c9d2926752362",
                "sha256:155136b51fd733fa94e1c2ea5211dcd4c8879869008fc811648f16541bf99668",
                "sha256:1a465cbe98a7fd391d47dce4b8f7e5b921e6cd805ef421d04f5f66ba8f06086c",
                "sha256:1d2c4994f515e5b485fd6d3a73d05526aa0fcf248eb135996b088d25dfa1865b",
                "sha256:2c24d61263f511551f740d1a065eb0212db1dbbbbd241db758f5244281590c06",
                "sha256:51a8b381b16ddd370178a65360ebe15fbc1c71cf6f584613a7ea08bfad946698",
                "sha256:594234691ac0e9b770aee9fcdb8fa02c22e43e5c619456efd0d6c2bf276f3eb2",
                "sha256:5cf4be6c304ad0b6602f5c4e90e2f59b47653ac1ed9c662ed379fe48a8f26b0c",
                "sha256:64081b3f8f6f3c3de6191ec89d7dc6c86a8a43911f7ecb422c60e90c70be41c7",
                "sha256:6bc25fc545a6b3d57b5f8618e59fc13d3a3a68431e8ca5fd4c13241cd70d0009",
                "sha256:798caa2a2384b1cbe8a2a139d80734c9db54f9cc155c99d7cc92441a23871c03",
                "sha256:7c6b1dece89874d9541fc974917b631406233ea0440d0bdfbb8e03bf39a49b3b",
                "sha256:840793c68105fe031f34d6a086eaea153a0cd5c491cde82a74b420edd0a2b909",
                "sha256:8d6603078baf4e11edc4168a514c5ce5b3ba6e3e9c374298cb88437957960a53",
                "sha256:9cc46bc107224ff5b6d04369e7c595acb700c3613ad7bcf2e2012f62ece80c35",
                "sha256:9f7a31251289b2ab6d4012f6e83e58bc3b96bd151f5b5262467f4bb6b34a7c26",
                "sha256:9ffb888f19d54a4d4dfd4b3f29bc2c16aa4972f1c2ab9c4ab09b8ab8685b9c2b",
                "sha256:a5ed8c05548b54b998b9498753fb9cadbfd92ee88e884641377d8a8b291bcc01",
                "sha256:a7711edca4dcef1a75257b50a2fbfe92a65187c47dab5a0f1b9b332c5919a3fb",
                "sha256:af5c59122a011049aad5dd87424b8e65a80e4a6477419c0c1015f73fb5ea0293",
                "sha256:b18e0a9ef57d2b41f5c68beefa32317d286c3d6ac0484efd10d6e07491bb95dd",
                "sha256:b4e248d1087abf9f4c10f3c398896c87ce82a9856494a7155823eb45a892395d",
                "sha256:ba4e9e0ae13fc41c6b23299545e5ef73055213e466bd107953e4a013a5ddd7e3",
                "sha256:c6332685306b6417a91b1ff9fae889b3ba65c2292d64bd9245c093b1b284809d",
                "sha256:d5ff0621c88ce83a28a10d2ce719b2ee85635e85c515f12bac99a95306da4b2e",
                "sha256:d9efd8b7a3ef378dd61a1e77367f1924375befc2eba06168b6ebfa903a5e59ca",
                "sha256:df5169c4396adc04f9b0a05f13c074df878b6052430e03f50e68adf3a57aa28d",
                "sha256:ebb253464a5d0482b191274f1c8bf00e33f7e0b9c66405fbffc61ed2c839c775",
                "sha256:ec80dc47f54e6e9a78181ce05feb71a0353854cc26999db963695f950b5fb375",
                "sha256:f032b34669220030f905152045dfa27741ce1a6db3324a5bc0b96b6c7420c87b",
                "sha256:f60567825f791c6f8a592f3c6e3bd93dd2934e3f9dac189308426bd76b00ef3b",
                "sha256:f803eaa94c2fcda012c047e62bc7a51b0bdabda1cad7a92a522694ea2d76e49f"
            ],
            "version": "==1.14.4"
        },
        "chardet": {
            "hashes": [
                "sha256:0d6f53a15db4120f2b08c94f11e7d93d2c911ee118b6b30a04ec3ee8310179fa",
                "sha256:f864054d66fd9118f2e67044ac8981a54775ec5b67aed0441892edb553d21da5"
            ],
            "markers": "python_version >= '2.7' and python_version not in '3.0, 3.1, 3.2, 3.3, 3.4'",
            "version": "==4.0.0"
        },
        "google-api-core": {
            "hashes": [
                "sha256:0f1dee446db2685863c3c493a90fefa5fc7f4defaf8e1a320b50ccaddfb5d469",
                "sha256:a7f5794446a22ff7d36764959ba5f319f37628faf4da04fdc0dedf1598b556c1"
            ],
            "markers": "python_version >= '2.7' and python_version not in '3.0, 3.1, 3.2, 3.3, 3.4, 3.5'",
            "version": "==1.24.1"
        },
        "google-auth": {
            "hashes": [
                "sha256:0b0e026b412a0ad096e753907559e4bdb180d9ba9f68dd9036164db4fdc4ad2e",
                "sha256:ce752cc51c31f479dbf9928435ef4b07514b20261b021c7383bee4bda646acb8"
            ],
            "markers": "python_version >= '2.7' and python_version not in '3.0, 3.1, 3.2, 3.3, 3.4, 3.5'",
            "version": "==1.24.0"
        },
        "google-cloud-core": {
            "hashes": [
                "sha256:1277a015f8eeb014c48f2ec094ed5368358318f1146cf49e8de389962dc19106",
                "sha256:99a8a15f406f53f2b11bda1f45f952a9cdfbdbba8abf40c75651019d800879f5"
            ],
            "markers": "python_version >= '2.7' and python_version not in '3.0, 3.1, 3.2, 3.3, 3.4, 3.5'",
            "version": "==1.5.0"
        },
        "google-cloud-storage": {
            "hashes": [
                "sha256:555c0db2f88f3419f123bf9c621d7fd92f7c9e4f8b11f08eda57facacba16a9e",
                "sha256:7b48b74683dafec5da315c7b0861ab168c208e04c763aa5db7ea8d7ecd8b6c5d"
            ],
            "index": "pypi",
            "version": "==1.35.0"
        },
        "google-crc32c": {
            "hashes": [
                "sha256:279f38be88b274872d9c9ef8d0479a0bc3279e5b7faebea45a86501d18000242",
                "sha256:28e0712ddb73ba02e5a4f03d571a864e8a1e64941e394a8ace1118128903c73b",
                "sha256:4a9ab614ec85d0977af76a093cab514ce78ec20ba3cecd3af4715a111a5ec250",
                "sha256:55e44136e0a23de7f31207644d5765c1c55402f7b23bf1a6625317f4d50c8725",
                "sha256:6385d87cd15a7c9f7ff63b08f6d01c8665053ad69f1ac80054cf7a94a7139bfc",
                "sha256:6a6f3a365de5f433e41602b73df21306f67f02f15fdd2750961ae7d4a4629863",
                "sha256:82b4ce1c515a455f21e4f6aea8d45252e2b319fa604b8d9f2cb301d5a752f578",
                "sha256:9ad95a167f7bf8e27992677b5b1e411eaadf0ffa81961fa203d88b2be5394618",
                "sha256:ade6f03d3670bec8ccc1b9a6ca7123985c14e83923ecba2b88dedd3f88e795e5",
                "sha256:bb1d7efb881406963dd919fbc3db4f248a5aa0c600295b2a65ea68d4ca79032a",
                "sha256:d0cede9482ec2c3cc3c1b8fa11c10f1ac4760e1dbd8efdb5e39f93420ca75bec",
                "sha256:e25e8cf79d1daf05dae69bf4dd1b73f2ee34674f4ea44176ed3cd764f206cc9d",
                "sha256:e5cc963e4c76f1c85a4b5045f86fdbb501c1ff0579a3d40431eac2137508af68",
                "sha256:e9be2ccfc510fc84a7de875d8f8e59d70818c819fbd0f74ff0a8aa4a1c057f94",
                "sha256:ebc3c794d9f96d0fbb5177984e12206d3d7371762f67782cfd150e32722b8aed",
                "sha256:f050433604b55ff7efbca099d0b806dcbbf5fc1eec2a2640eb61ca0e44aaed5b"
            ],
            "markers": "python_version >= '3.5'",
            "version": "==1.1.0"
        },
        "google-resumable-media": {
            "hashes": [
                "sha256:dbe670cd7f02f3586705fd5a108c8ab8552fa36a1cad8afbc5a54e982cf34f0c",
                "sha256:ee98b1921e5bda94867a08c864e55b4763d63887664f49ee1c231988f56b9d43"
            ],
            "markers": "python_version >= '2.7' and python_version not in '3.0, 3.1, 3.2, 3.3, 3.4, 3.5'",
            "version": "==1.2.0"
        },
        "googleapis-common-protos": {
            "hashes": [
                "sha256:560716c807117394da12cecb0a54da5a451b5cf9866f1d37e9a5e2329a665351",
                "sha256:c8961760f5aad9a711d37b675be103e0cc4e9a39327e0d6d857872f698403e24"
            ],
            "markers": "python_version >= '2.7' and python_version not in '3.0, 3.1, 3.2, 3.3'",
            "version": "==1.52.0"
        },
        "idna": {
            "hashes": [
                "sha256:b307872f855b18632ce0c21c5e45be78c0ea7ae4c15c828c20788b26921eb3f6",
                "sha256:b97d804b1e9b523befed77c48dacec60e6dcb0b5391d57af6a65a312a90648c0"
            ],
            "markers": "python_version >= '2.7' and python_version not in '3.0, 3.1, 3.2, 3.3'",
            "version": "==2.10"
        },
        "invoke": {
            "hashes": [
                "sha256:7e44d98a7dc00c91c79bac9e3007276965d2c96884b3c22077a9f04042bd6d90",
                "sha256:da7c2d0be71be83ffd6337e078ef9643f41240024d6b2659e7b46e0b251e339f",
                "sha256:f0c560075b5fb29ba14dad44a7185514e94970d1b9d57dcd3723bec5fed92650"
            ],
            "index": "pypi",
            "version": "==1.5.0"
        },
        "protobuf": {
            "hashes": [
                "sha256:0e247612fadda953047f53301a7b0407cb0c3cb4ae25a6fde661597a04039b3c",
                "sha256:0fc96785262042e4863b3f3b5c429d4636f10d90061e1840fce1baaf59b1a836",
                "sha256:1c51fda1bbc9634246e7be6016d860be01747354ed7015ebe38acf4452f470d2",
                "sha256:1d63eb389347293d8915fb47bee0951c7b5dab522a4a60118b9a18f33e21f8ce",
                "sha256:22bcd2e284b3b1d969c12e84dc9b9a71701ec82d8ce975fdda19712e1cfd4e00",
                "sha256:2a7e2fe101a7ace75e9327b9c946d247749e564a267b0515cf41dfe450b69bac",
                "sha256:43b554b9e73a07ba84ed6cf25db0ff88b1e06be610b37656e292e3cbb5437472",
                "sha256:4b74301b30513b1a7494d3055d95c714b560fbb630d8fb9956b6f27992c9f980",
                "sha256:4e75105c9dfe13719b7293f75bd53033108f4ba03d44e71db0ec2a0e8401eafd",
                "sha256:5b7a637212cc9b2bcf85dd828b1178d19efdf74dbfe1ddf8cd1b8e01fdaaa7f5",
                "sha256:5e9806a43232a1fa0c9cf5da8dc06f6910d53e4390be1fa06f06454d888a9142",
                "sha256:629b03fd3caae7f815b0c66b41273f6b1900a579e2ccb41ef4493a4f5fb84f3a",
                "sha256:72230ed56f026dd664c21d73c5db73ebba50d924d7ba6b7c0d81a121e390406e",
                "sha256:86a75477addde4918e9a1904e5c6af8d7b691f2a3f65587d73b16100fbe4c3b2",
                "sha256:8971c421dbd7aad930c9bd2694122f332350b6ccb5202a8b7b06f3f1a5c41ed5",
                "sha256:9616f0b65a30851e62f1713336c931fcd32c057202b7ff2cfbfca0fc7d5e3043",
                "sha256:b0d5d35faeb07e22a1ddf8dce620860c8fe145426c02d1a0ae2688c6e8ede36d",
                "sha256:ecc33531a213eee22ad60e0e2aaea6c8ba0021f0cce35dbf0ab03dee6e2a23a1"
            ],
            "version": "==3.14.0"
        },
        "pyasn1": {
            "hashes": [
                "sha256:014c0e9976956a08139dc0712ae195324a75e142284d5f87f1a87ee1b068a359",
                "sha256:03840c999ba71680a131cfaee6fab142e1ed9bbd9c693e285cc6aca0d555e576",
                "sha256:0458773cfe65b153891ac249bcf1b5f8f320b7c2ce462151f8fa74de8934becf",
                "sha256:08c3c53b75eaa48d71cf8c710312316392ed40899cb34710d092e96745a358b7",
                "sha256:39c7e2ec30515947ff4e87fb6f456dfc6e84857d34be479c9d4a4ba4bf46aa5d",
                "sha256:5c9414dcfede6e441f7e8f81b43b34e834731003427e5b09e4e00e3172a10f00",
                "sha256:6e7545f1a61025a4e58bb336952c5061697da694db1cae97b116e9c46abcf7c8",
                "sha256:78fa6da68ed2727915c4767bb386ab32cdba863caa7dbe473eaae45f9959da86",
                "sha256:7ab8a544af125fb704feadb008c99a88805126fb525280b2270bb25cc1d78a12",
                "sha256:99fcc3c8d804d1bc6d9a099921e39d827026409a58f2a720dcdb89374ea0c776",
                "sha256:aef77c9fb94a3ac588e87841208bdec464471d9871bd5050a287cc9a475cd0ba",
                "sha256:e89bf84b5437b532b0803ba5c9a5e054d21fec423a89952a74f87fa2c9b7bce2",
                "sha256:fec3e9d8e36808a28efb59b489e4528c10ad0f480e57dcc32b4de5c9d8c9fdf3"
            ],
            "version": "==0.4.8"
        },
        "pyasn1-modules": {
            "hashes": [
                "sha256:0845a5582f6a02bb3e1bde9ecfc4bfcae6ec3210dd270522fee602365430c3f8",
                "sha256:0fe1b68d1e486a1ed5473f1302bd991c1611d319bba158e98b106ff86e1d7199",
                "sha256:15b7c67fabc7fc240d87fb9aabf999cf82311a6d6fb2c70d00d3d0604878c811",
                "sha256:426edb7a5e8879f1ec54a1864f16b882c2837bfd06eee62f2c982315ee2473ed",
                "sha256:65cebbaffc913f4fe9e4808735c95ea22d7a7775646ab690518c056784bc21b4",
                "sha256:905f84c712230b2c592c19470d3ca8d552de726050d1d1716282a1f6146be65e",
                "sha256:a50b808ffeb97cb3601dd25981f6b016cbb3d31fbf57a8b8a87428e6158d0c74",
                "sha256:a99324196732f53093a84c4369c996713eb8c89d360a496b599fb1a9c47fc3eb",
                "sha256:b80486a6c77252ea3a3e9b1e360bc9cf28eaac41263d173c032581ad2f20fe45",
                "sha256:c29a5e5cc7a3f05926aff34e097e84f8589cd790ce0ed41b67aed6857b26aafd",
                "sha256:cbac4bc38d117f2a49aeedec4407d23e8866ea4ac27ff2cf7fb3e5b570df19e0",
                "sha256:f39edd8c4ecaa4556e989147ebf219227e2cd2e8a43c7e7fcb1f1c18c5fd6a3d",
                "sha256:fe0644d9ab041506b62782e92b06b8c68cca799e1a9636ec398675459e031405"
            ],
            "version": "==0.2.8"
        },
        "pycparser": {
            "hashes": [
                "sha256:2d475327684562c3a96cc71adf7dc8c4f0565175cf86b6d7a404ff4c771f15f0",
                "sha256:7582ad22678f0fcd81102833f60ef8d0e57288b6b5fb00323d101be910e35705"
            ],
            "markers": "python_version >= '2.7' and python_version not in '3.0, 3.1, 3.2, 3.3'",
            "version": "==2.20"
        },
        "pytz": {
            "hashes": [
                "sha256:16962c5fb8db4a8f63a26646d8886e9d769b6c511543557bc84e9569fb9a9cb4",
                "sha256:180befebb1927b16f6b57101720075a984c019ac16b1b7575673bea42c6c3da5"
            ],
            "version": "==2020.5"
        },
        "requests": {
            "hashes": [
                "sha256:27973dd4a904a4f13b263a19c866c13b92a39ed1c964655f025f3f8d3d75b804",
                "sha256:c210084e36a42ae6b9219e00e48287def368a26d03a048ddad7bfee44f75871e"
            ],
            "markers": "python_version >= '2.7' and python_version not in '3.0, 3.1, 3.2, 3.3, 3.4'",
            "version": "==2.25.1"
        },
        "rsa": {
            "hashes": [
                "sha256:109ea5a66744dd859bf16fe904b8d8b627adafb9408753161e766a92e7d681fa",
                "sha256:6166864e23d6b5195a5cfed6cd9fed0fe774e226d8f854fcb23b7bbef0350233"
            ],
            "markers": "python_version >= '3.6'",
            "version": "==4.6"
        },
        "six": {
            "hashes": [
                "sha256:30639c035cdb23534cd4aa2dd52c3bf48f06e5f4a941509c8bafd8ce11080259",
                "sha256:8b74bedcbbbaca38ff6d7491d76f2b06b3592611af620f8426e82dddb04a5ced"
            ],
            "markers": "python_version >= '2.7' and python_version not in '3.0, 3.1, 3.2, 3.3'",
            "version": "==1.15.0"
        },
        "urllib3": {
            "hashes": [
                "sha256:19188f96923873c92ccb987120ec4acaa12f0461fa9ce5d3d0772bc965a39e08",
                "sha256:d8ff90d979214d7b4f8ce956e80f4028fc6860e4431f731ea4a8c08f23f99473"
            ],
            "markers": "python_version >= '2.7' and python_version not in '3.0, 3.1, 3.2, 3.3, 3.4' and python_version < '4'",
            "version": "==1.26.2"
        }
    },
    "develop": {}
}
